# THE BAKE TOOL THIS PULSE RUNS, pinned by commit.
#
# The catalog's bakes come from asset-explorer's `tools/bake-library.gd`, run
# the way its `tools/refresh.sh` ran it: the library's impostor atlases first,
# then the registry bake with the baked channel (`--transfer`), into the
# library's gitignored `build/artifacts/`. tools/bake.sh checks this commit out
# under explorer/ (gitignored) and calls it; nothing in it is edited here.
repo=codestiff/asset-explorer
commit=55ae42bea56553bb1f3dbfda737e28670b3fb415
